
Microsoft Visual Studio Solution File, Format Version 12.00
# Visual Studio Version 16
VisualStudioVersion = 16.0.32126.315
MinimumVisualStudioVersion = 10.0.40219.1
Project("{9A19103F-16F7-4668-BE54-9A1E7A4F7556}") = "BSTeamSearch", "WebApplication1\BSTeamSearch.csproj", "{C386C082-08AF-4FFA-8F51-75F483495D2E}"
EndProject
Global
	GlobalSection(SolutionConfigurationPlatforms) = preSolution
		Debug|Any CPU = Debug|Any CPU
		Release|Any CPU = Release|Any CPU
	EndGlobalSection
	GlobalSection(ProjectConfigurationPlatforms) = postSolution
		{C386C082-08AF-4FFA-8F51-75F483495D2E}.Debug|Any CPU.ActiveCfg = Debug|Any CPU
		{C386C082-08AF-4FFA-8F51-75F483495D2E}.Debug|Any CPU.Build.0 = Debug|Any CPU
		{C386C082-08AF-4FFA-8F51-75F483495D2E}.Release|Any CPU.ActiveCfg = Release|Any CPU
		{C386C082-08AF-4FFA-8F51-75F483495D2E}.Release|Any CPU.Build.0 = Release|Any CPU
	EndGlobalSection
	GlobalSection(SolutionProperties) = preSolution
		HideSolutionNode = FALSE
	EndGlobalSection
	GlobalSection(ExtensibilityGlobals) = postSolution
		SolutionGuid = {7E2A45D3-3E64-4CB9-9F0A-5701FEB5E0D5}
	EndGlobalSection
EndGlobal
